// !$*UTF8*$!
{
	archiveVersion = 1;
	classes = {
	};
	objectVersion = 55;
	objects = {

/* Begin PBXBuildFile section */
		C43D161C26BC8207005CFDE8 /* CustomTabBarWithEffectApp.swift in Sources */ = {isa = PBXBuildFile; fileRef = C43D161B26BC8207005CFDE8 /* CustomTabBarWithEffectApp.swift */; };
		C43D161E26BC8207005CFDE8 /* ContentView.swift in Sources */ = {isa = PBXBuildFile; fileRef = C43D161D26BC8207005CFDE8 /* ContentView.swift */; };
		C43D162026BC8209005CFDE8 /* Assets.xcassets in Resources */ = {isa = PBXBuildFile; fileRef = C43D161F26BC8209005CFDE8 /* Assets.xcassets */; };
		C43D162326BC8209005CFDE8 /* Preview Assets.xcassets in Resources */ = {isa = PBXBuildFile; fileRef = C43D162226BC8209005CFDE8 /* Preview Assets.xcassets */; };
		C43D162C26BC823A005CFDE8 /* CustomTabBar.swift in Sources */ = {isa = PBXBuildFile; fileRef = C43D162B26BC823A005CFDE8 /* CustomTabBar.swift */; };
		C43D162F26BC83FE005CFDE8 /* TabViewModel.swift in Sources */ = {isa = PBXBuildFile; fileRef = C43D162E26BC83FE005CFDE8 /* TabViewModel.swift */; };
		C43D163126BC8B92005CFDE8 /* Home.swift in Sources */ = {isa = PBXBuildFile; fileRef = C43D163026BC8B92005CFDE8 /* Home.swift */; };
		C43D163326BC8C86005CFDE8 /* Card.swift in Sources */ = {isa = PBXBuildFile; fileRef = C43D163226BC8C86005CFDE8 /* Card.swift */; };
		C43D163526BC8FC3005CFDE8 /* DetailView.swift in Sources */ = {isa = PBXBuildFile; fileRef = C43D163426BC8FC3005CFDE8 /* DetailView.swift */; };
/* End PBXBuildFile section */

/* Begin PBXFileReference section */
		C43D161826BC8207005CFDE8 /* CustomTabBarWithEffect.app */ = {isa = PBXFileReference; explicitFileType = wrapper.application; includeInIndex = 0; path = CustomTabBarWithEffect.app; sourceTree = BUILT_PRODUCTS_DIR; };
		C43D161B26BC8207005CFDE8 /* CustomTabBarWithEffectApp.swift */ = {isa = PBXFileReference; lastKnownFileType = sourcecode.swift; path = CustomTabBarWithEffectApp.swift; sourceTree = "<group>"; };
		C43D161D26BC8207005CFDE8 /* ContentView.swift */ = {isa = PBXFileReference; lastKnownFileType = sourcecode.swift; path = ContentView.swift; sourceTree = "<group>"; };
		C43D161F26BC8209005CFDE8 /* Assets.xcassets */ = {isa = PBXFileReference; lastKnownFileType = folder.assetcatalog; path = Assets.xcassets; sourceTree = "<group>"; };
		C43D162226BC8209005CFDE8 /* Preview Assets.xcassets */ = {isa = PBXFileReference; lastKnownFileType = folder.assetcatalog; path = "Preview Assets.xcassets"; sourceTree = "<group>"; };
		C43D162B26BC823A005CFDE8 /* CustomTabBar.swift */ = {isa = PBXFileReference; lastKnownFileType = sourcecode.swift; path = CustomTabBar.swift; sourceTree = "<group>"; };
		C43D162E26BC83FE005CFDE8 /* TabViewModel.swift */ = {isa = PBXFileReference; lastKnownFileType = sourcecode.swift; path = TabViewModel.swift; sourceTree = "<group>"; };
		C43D163026BC8B92005CFDE8 /* Home.swift */ = {isa = PBXFileReference; lastKnownFileType = sourcecode.swift; path = Home.swift; sourceTree = "<group>"; };
		C43D163226BC8C86005CFDE8 /* Card.swift */ = {isa = PBXFileReference; lastKnownFileType = sourcecode.swift; path = Card.swift; sourceTree = "<group>"; };
		C43D163426BC8FC3005CFDE8 /* DetailView.swift */ = {isa = PBXFileReference; lastKnownFileType = sourcecode.swift; path = DetailView.swift; sourceTree = "<group>"; };
/* End PBXFileReference section */

/* Begin PBXFrameworksBuildPhase section */
		C43D161526BC8207005CFDE8 /* Frameworks */ = {
			isa = PBXFrameworksBuildPhase;
			buildActionMask = 2147483647;
			files = (
			);
			runOnlyForDeploymentPostprocessing = 0;
		};
/* End PBXFrameworksBuildPhase section */

/* Begin PBXGroup section */
		C43D160F26BC8207005CFDE8 = {
			isa = PBXGroup;
			children = (
				C43D161A26BC8207005CFDE8 /* CustomTabBarWithEffect */,
				C43D161926BC8207005CFDE8 /* Products */,
			);
			sourceTree = "<group>";
		};
		C43D161926BC8207005CFDE8 /* Products */ = {
			isa = PBXGroup;
			children = (
				C43D161826BC8207005CFDE8 /* CustomTabBarWithEffect.app */,
			);
			name = Products;
			sourceTree = "<group>";
		};
		C43D161A26BC8207005CFDE8 /* CustomTabBarWithEffect */ = {
			isa = PBXGroup;
			children = (
				C43D162D26BC83E9005CFDE8 /* ViewModel */,
				C43D162A26BC8223005CFDE8 /* Model */,
				C43D162926BC8219005CFDE8 /* View */,
				C43D161B26BC8207005CFDE8 /* CustomTabBarWithEffectApp.swift */,
				C43D161D26BC8207005CFDE8 /* ContentView.swift */,
				C43D161F26BC8209005CFDE8 /* Assets.xcassets */,
				C43D162126BC8209005CFDE8 /* Preview Content */,
			);
			path = CustomTabBarWithEffect;
			sourceTree = "<group>";
		};
		C43D162126BC8209005CFDE8 /* Preview Content */ = {
			isa = PBXGroup;
			children = (
				C43D162226BC8209005CFDE8 /* Preview Assets.xcassets */,
			);
			path = "Preview Content";
			sourceTree = "<group>";
		};
		C43D162926BC8219005CFDE8 /* View */ = {
			isa = PBXGroup;
			children = (
				C43D162B26BC823A005CFDE8 /* CustomTabBar.swift */,
				C43D163026BC8B92005CFDE8 /* Home.swift */,
				C43D163426BC8FC3005CFDE8 /* DetailView.swift */,
			);
			path = View;
			sourceTree = "<group>";
		};
		C43D162A26BC8223005CFDE8 /* Model */ = {
			isa = PBXGroup;
			children = (
				C43D163226BC8C86005CFDE8 /* Card.swift */,
			);
			path = Model;
			sourceTree = "<group>";
		};
		C43D162D26BC83E9005CFDE8 /* ViewModel */ = {
			isa = PBXGroup;
			children = (
				C43D162E26BC83FE005CFDE8 /* TabViewModel.swift */,
			);
			path = ViewModel;
			sourceTree = "<group>";
		};
/* End PBXGroup section */

/* Begin PBXNativeTarget section */
		C43D161726BC8207005CFDE8 /* CustomTabBarWithEffect */ = {
			isa = PBXNativeTarget;
			buildConfigurationList = C43D162626BC8209005CFDE8 /* Build configuration list for PBXNativeTarget "CustomTabBarWithEffect" */;
			buildPhases = (
				C43D161426BC8207005CFDE8 /* Sources */,
				C43D161526BC8207005CFDE8 /* Frameworks */,
				C43D161626BC8207005CFDE8 /* Resources */,
			);
			buildRules = (
			);
			dependencies = (
			);
			name = CustomTabBarWithEffect;
			productName = CustomTabBarWithEffect;
			productReference = C43D161826BC8207005CFDE8 /* CustomTabBarWithEffect.app */;
			productType = "com.apple.product-type.application";
		};
/* End PBXNativeTarget section */

/* Begin PBXProject section */
		C43D161026BC8207005CFDE8 /* Project object */ = {
			isa = PBXProject;
			attributes = {
				BuildIndependentTargetsInParallel = 1;
				LastSwiftUpdateCheck = 1300;
				LastUpgradeCheck = 1300;
				TargetAttributes = {
					C43D161726BC8207005CFDE8 = {
						CreatedOnToolsVersion = 13.0;
					};
				};
			};
			buildConfigurationList = C43D161326BC8207005CFDE8 /* Build configuration list for PBXProject "CustomTabBarWithEffect" */;
			compatibilityVersion = "Xcode 13.0";
			developmentRegion = en;
			hasScannedForEncodings = 0;
			knownRegions = (
				en,
				Base,
			);
			mainGroup = C43D160F26BC8207005CFDE8;
			productRefGroup = C43D161926BC8207005CFDE8 /* Products */;
			projectDirPath = "";
			projectRoot = "";
			targets = (
				C43D161726BC8207005CFDE8 /* CustomTabBarWithEffect */,
			);
		};
/* End PBXProject section */

/* Begin PBXResourcesBuildPhase section */
		C43D161626BC8207005CFDE8 /* Resources */ = {
			isa = PBXResourcesBuildPhase;
			buildActionMask = 2147483647;
			files = (
				C43D162326BC8209005CFDE8 /* Preview Assets.xcassets in Resources */,
				C43D162026BC8209005CFDE8 /* Assets.xcassets in Resources */,
			);
			runOnlyForDeploymentPostprocessing = 0;
		};
/* End PBXResourcesBuildPhase section */

/* Begin PBXSourcesBuildPhase section */
		C43D161426BC8207005CFDE8 /* Sources */ = {
			isa = PBXSourcesBuildPhase;
			buildActionMask = 2147483647;
			files = (
				C43D162F26BC83FE005CFDE8 /* TabViewModel.swift in Sources */,
				C43D163326BC8C86005CFDE8 /* Card.swift in Sources */,
				C43D161E26BC8207005CFDE8 /* ContentView.swift in Sources */,
				C43D163526BC8FC3005CFDE8 /* DetailView.swift in Sources */,
				C43D163126BC8B92005CFDE8 /* Home.swift in Sources */,
				C43D162C26BC823A005CFDE8 /* CustomTabBar.swift in Sources */,
				C43D161C26BC8207005CFDE8 /* CustomTabBarWithEffectApp.swift in Sources */,
			);
			runOnlyForDeploymentPostprocessing = 0;
		};
/* End PBXSourcesBuildPhase section */

/* Begin XCBuildConfiguration section */
		C43D162426BC8209005CFDE8 /* Debug */ = {
			isa = XCBuildConfiguration;
			buildSettings = {
				ALWAYS_SEARCH_USER_PATHS = NO;
				CLANG_ANALYZER_NONNULL = YES;
				CLANG_ANALYZER_NUMBER_OBJECT_CONVERSION = YES_AGGRESSIVE;
				CLANG_CXX_LANGUAGE_STANDARD = "gnu++14";
				CLANG_CXX_LIBRARY = "libc++";
				CLANG_ENABLE_MODULES = YES;
				CLANG_ENABLE_OBJC_ARC = YES;
				CLANG_ENABLE_OBJC_WEAK = YES;
				CLANG_WARN_BLOCK_CAPTURE_AUTORELEASING = YES;
				CLANG_WARN_BOOL_CONVERSION = YES;
				CLANG_WARN_COMMA = YES;
				CLANG_WARN_CONSTANT_CONVERSION = YES;
				CLANG_WARN_DEPRECATED_OBJC_IMPLEMENTATIONS = YES;
				CLANG_WARN_DIRECT_OBJC_ISA_USAGE = YES_ERROR;
				CLANG_WARN_DOCUMENTATION_COMMENTS = YES;
				CLANG_WARN_EMPTY_BODY = YES;
				CLANG_WARN_ENUM_CONVERSION = YES;
				CLANG_WARN_INFINITE_RECURSION = YES;
				CLANG_WARN_INT_CONVERSION = YES;
				CLANG_WARN_NON_LITERAL_NULL_CONVERSION = YES;
				CLANG_WARN_OBJC_IMPLICIT_RETAIN_SELF = YES;
				CLANG_WARN_OBJC_LITERAL_CONVERSION = YES;
				CLANG_WARN_OBJC_ROOT_CLASS = YES_ERROR;
				CLANG_WARN_QUOTED_INCLUDE_IN_FRAMEWORK_HEADER = YES;
				CLANG_WARN_RANGE_LOOP_ANALYSIS = YES;
				CLANG_WARN_STRICT_PROTOTYPES = YES;
				CLANG_WARN_SUSPICIOUS_MOVE = YES;
				CLANG_WARN_UNGUARDED_AVAILABILITY = YES_AGGRESSIVE;
				CLANG_WARN_UNREACHABLE_CODE = YES;
				CLANG_WARN__DUPLICATE_METHOD_MATCH = YES;
				COPY_PHASE_STRIP = NO;
				DEBUG_INFORMATION_FORMAT = dwarf;
				ENABLE_STRICT_OBJC_MSGSEND = YES;
				ENABLE_TESTABILITY = YES;
				GCC_C_LANGUAGE_STANDARD = gnu11;
				GCC_DYNAMIC_NO_PIC = NO;
				GCC_NO_COMMON_BLOCKS = YES;
				GCC_OPTIMIZATION_LEVEL = 0;
				GCC_PREPROCESSOR_DEFINITIONS = (
					"DEBUG=1",
					"$(inherited)",
				);
				GCC_WARN_64_TO_32_BIT_CONVERSION = YES;
				GCC_WARN_ABOUT_RETURN_TYPE = YES_ERROR;
				GCC_WARN_UNDECLARED_SELECTOR = YES;
				GCC_WARN_UNINITIALIZED_AUTOS = YES_AGGRESSIVE;
				GCC_WARN_UNUSED_FUNCTION = YES;
				GCC_WARN_UNUSED_VARIABLE = YES;
				IPHONEOS_DEPLOYMENT_TARGET = 15.0;
				MTL_ENABLE_DEBUG_INFO = INCLUDE_SOURCE;
				MTL_FAST_MATH = YES;
				ONLY_ACTIVE_ARCH = YES;
				SDKROOT = iphoneos;
				SWIFT_ACTIVE_COMPILATION_CONDITIONS = DEBUG;
				SWIFT_OPTIMIZATION_LEVEL = "-Onone";
			};
			name = Debug;
		};
		C43D162526BC8209005CFDE8 /* Release */ = {
			isa = XCBuildConfiguration;
			buildSettings = {
				ALWAYS_SEARCH_USER_PATHS = NO;
				CLANG_ANALYZER_NONNULL = YES;
				CLANG_ANALYZER_NUMBER_OBJECT_CONVERSION = YES_AGGRESSIVE;
				CLANG_CXX_LANGUAGE_STANDARD = "gnu++14";
				CLANG_CXX_LIBRARY = "libc++";
				CLANG_ENABLE_MODULES = YES;
				CLANG_ENABLE_OBJC_ARC = YES;
				CLANG_ENABLE_OBJC_WEAK = YES;
				CLANG_WARN_BLOCK_CAPTURE_AUTORELEASING = YES;
				CLANG_WARN_BOOL_CONVERSION = YES;
				CLANG_WARN_COMMA = YES;
				CLANG_WARN_CONSTANT_CONVERSION = YES;
				CLANG_WARN_DEPRECATED_OBJC_IMPLEMENTATIONS = YES;
				CLANG_WARN_DIRECT_OBJC_ISA_USAGE = YES_ERROR;
				CLANG_WARN_DOCUMENTATION_COMMENTS = YES;
				CLANG_WARN_EMPTY_BODY = YES;
				CLANG_WARN_ENUM_CONVERSION = YES;
				CLANG_WARN_INFINITE_RECURSION = YES;
				CLANG_WARN_INT_CONVERSION = YES;
				CLANG_WARN_NON_LITERAL_NULL_CONVERSION = YES;
				CLANG_WARN_OBJC_IMPLICIT_RETAIN_SELF = YES;
				CLANG_WARN_OBJC_LITERAL_CONVERSION = YES;
				CLANG_WARN_OBJC_ROOT_CLASS = YES_ERROR;
				CLANG_WARN_QUOTED_INCLUDE_IN_FRAMEWORK_HEADER = YES;
				CLANG_WARN_RANGE_LOOP_ANALYSIS = YES;
				CLANG_WARN_STRICT_PROTOTYPES = YES;
				CLANG_WARN_SUSPICIOUS_MOVE = YES;
				CLANG_WARN_UNGUARDED_AVAILABILITY = YES_AGGRESSIVE;
				CLANG_WARN_UNREACHABLE_CODE = YES;
				CLANG_WARN__DUPLICATE_METHOD_MATCH = YES;
				COPY_PHASE_STRIP = NO;
				DEBUG_INFORMATION_FORMAT = "dwarf-with-dsym";
				ENABLE_NS_ASSERTIONS = NO;
				ENABLE_STRICT_OBJC_MSGSEND = YES;
				GCC_C_LANGUAGE_STANDARD = gnu11;
				GCC_NO_COMMON_BLOCKS = YES;
				GCC_WARN_64_TO_32_BIT_CONVERSION = YES;
				GCC_WARN_ABOUT_RETURN_TYPE = YES_ERROR;
				GCC_WARN_UNDECLARED_SELECTOR = YES;
				GCC_WARN_UNINITIALIZED_AUTOS = YES_AGGRESSIVE;
				GCC_WARN_UNUSED_FUNCTION = YES;
				GCC_WARN_UNUSED_VARIABLE = YES;
				IPHONEOS_DEPLOYMENT_TARGET = 15.0;
				MTL_ENABLE_DEBUG_INFO = NO;
				MTL_FAST_MATH = YES;
				SDKROOT = iphoneos;
				SWIFT_COMPILATION_MODE = wholemodule;
				SWIFT_OPTIMIZATION_LEVEL = "-O";
				VALIDATE_PRODUCT = YES;
			};
			name = Release;
		};
		C43D162726BC8209005CFDE8 /* Debug */ = {
			isa = XCBuildConfiguration;
			buildSettings = {
				ASSETCATALOG_COMPILER_APPICON_NAME = AppIcon;
				ASSETCATALOG_COMPILER_GLOBAL_ACCENT_COLOR_NAME = AccentColor;
				CODE_SIGN_STYLE = Automatic;
				CURRENT_PROJECT_VERSION = 1;
				DEVELOPMENT_ASSET_PATHS = "\"CustomTabBarWithEffect/Preview Content\"";
				DEVELOPMENT_TEAM = G7DSPSWXXC;
				ENABLE_PREVIEWS = YES;
				GENERATE_INFOPLIST_FILE = YES;
				INFOPLIST_KEY_UIApplicationSceneManifest_Generation = YES;
				INFOPLIST_KEY_UIApplicationSupportsIndirectInputEvents = YES;
				INFOPLIST_KEY_UILaunchScreen_Generation = YES;
				INFOPLIST_KEY_UISupportedInterfaceOrientations_iPad = "UIInterfaceOrientationPortrait UIInterfaceOrientationPortraitUpsideDown UIInterfaceOrientationLandscapeLeft UIInterfaceOrientationLandscapeRight";
				INFOPLIST_KEY_UISupportedInterfaceOrientations_iPhone = "UIInterfaceOrientationPortrait UIInterfaceOrientationLandscapeLeft UIInterfaceOrientationLandscapeRight";
				IPHONEOS_DEPLOYMENT_TARGET = 14.0;
				LD_RUNPATH_SEARCH_PATHS = (
					"$(inherited)",
					"@executable_path/Frameworks",
				);
				MARKETING_VERSION = 1.0;
				PRODUCT_BUNDLE_IDENTIFIER = com.MicheleManniello.CustomTabBarWithEffect;
				PRODUCT_NAME = "$(TARGET_NAME)";
				SWIFT_EMIT_LOC_STRINGS = YES;
				SWIFT_VERSION = 5.0;
				TARGETED_DEVICE_FAMILY = "1,2";
			};
			name = Debug;
		};
		C43D162826BC8209005CFDE8 /* Release */ = {
			isa = XCBuildConfiguration;
			buildSettings = {
				ASSETCATALOG_COMPILER_APPICON_NAME = AppIcon;
				ASSETCATALOG_COMPILER_GLOBAL_ACCENT_COLOR_NAME = AccentColor;
				CODE_SIGN_STYLE = Automatic;
				CURRENT_PROJECT_VERSION = 1;
				DEVELOPMENT_ASSET_PATHS = "\"CustomTabBarWithEffect/Preview Content\"";
				DEVELOPMENT_TEAM = G7DSPSWXXC;
				ENABLE_PREVIEWS = YES;
				GENERATE_INFOPLIST_FILE = YES;
				INFOPLIST_KEY_UIApplicationSceneManifest_Generation = YES;
				INFOPLIST_KEY_UIApplicationSupportsIndirectInputEvents = YES;
				INFOPLIST_KEY_UILaunchScreen_Generation = YES;
				INFOPLIST_KEY_UISupportedInterfaceOrientations_iPad = "UIInterfaceOrientationPortrait UIInterfaceOrientationPortraitUpsideDown UIInterfaceOrientationLandscapeLeft UIInterfaceOrientationLandscapeRight";
				INFOPLIST_KEY_UISupportedInterfaceOrientations_iPhone = "UIInterfaceOrientationPortrait UIInterfaceOrientationLandscapeLeft UIInterfaceOrientationLandscapeRight";
				IPHONEOS_DEPLOYMENT_TARGET = 14.0;
				LD_RUNPATH_SEARCH_PATHS = (
					"$(inherited)",
					"@executable_path/Frameworks",
				);
				MARKETING_VERSION = 1.0;
				PRODUCT_BUNDLE_IDENTIFIER = com.MicheleManniello.CustomTabBarWithEffect;
				PRODUCT_NAME = "$(TARGET_NAME)";
				SWIFT_EMIT_LOC_STRINGS = YES;
				SWIFT_VERSION = 5.0;
				TARGETED_DEVICE_FAMILY = "1,2";
			};
			name = Release;
		};
/* End XCBuildConfiguration section */

/* Begin XCConfigurationList section */
		C43D161326BC8207005CFDE8 /* Build configuration list for PBXProject "CustomTabBarWithEffect" */ = {
			isa = XCConfigurationList;
			buildConfigurations = (
				C43D162426BC8209005CFDE8 /* Debug */,
				C43D162526BC8209005CFDE8 /* Release */,
			);
			defaultConfigurationIsVisible = 0;
			defaultConfigurationName = Release;
		};
		C43D162626BC8209005CFDE8 /* Build configuration list for PBXNativeTarget "CustomTabBarWithEffect" */ = {
			isa = XCConfigurationList;
			buildConfigurations = (
				C43D162726BC8209005CFDE8 /* Debug */,
				C43D162826BC8209005CFDE8 /* Release */,
			);
			defaultConfigurationIsVisible = 0;
			defaultConfigurationName = Release;
		};
/* End XCConfigurationList section */
	};
	rootObject = C43D161026BC8207005CFDE8 /* Project object */;
}
